<?xml version="1.0" encoding="utf-8"?>
<Project ToolsVersion="4.0" xmlns="http://schemas.microsoft.com/developer/msbuild/2003">
  <ItemGroup>
    <ClCompile Include="main.cpp">
      <Filter>source</Filter>
    </ClCompile>
    <ClCompile Include="texture.cpp">
      <Filter>source</Filter>
    </ClCompile>
    <ClCompile Include="shader.cpp">
      <Filter>source</Filter>
    </ClCompile>
  </ItemGroup>
  <ItemGroup>
    <ClInclude Include="main.h">
      <Filter>headers</Filter>
    </ClInclude>
    <ClInclude Include="texture.h">
      <Filter>headers</Filter>
    </ClInclude>
    <ClInclude Include="vertex.h">
      <Filter>headers</Filter>
    </ClInclude>
    <ClInclude Include="shader.h">
      <Filter>headers</Filter>
    </ClInclude>
  </ItemGroup>
  <ItemGroup>
    <None Include="frag.glsl">
      <Filter>shaders</Filter>
    </None>
    <None Include="vert.glsl">
      <Filter>shaders</Filter>
    </None>
    <None Include="textureFrag.glsl">
      <Filter>shaders</Filter>
    </None>
    <None Include="textureVert.glsl">
      <Filter>shaders</Filter>
    </None>
  </ItemGroup>
  <ItemGroup>
    <Filter Include="headers">
      <UniqueIdentifier>{774f6d45-97f1-4ed0-8442-8395dfce5b0e}</UniqueIdentifier>
    </Filter>
    <Filter Include="source">
      <UniqueIdentifier>{af00e0fd-322c-47bf-921f-17fe00a08253}</UniqueIdentifier>
    </Filter>
    <Filter Include="shaders">
      <UniqueIdentifier>{077c2236-5810-488b-9262-2c833adbeb20}</UniqueIdentifier>
    </Filter>
  </ItemGroup>
</Project>